
Microsoft Visual Studio Solution File, Format Version 12.00
# Visual Studio 15
Project("{FAE04EC0-301F-11D3-BF4B-00C04F79EFBC}") = "Assembly-CSharp", "Assembly-CSharp.csproj", "{205B6FA2-19D2-B546-6559-2611DFCF5933}"
EndProject
Global
	GlobalSection(SolutionConfigurationPlatforms) = preSolution
		Debug|Any CPU = Debug|Any CPU
		Release|Any CPU = Release|Any CPU
	EndGlobalSection
	GlobalSection(ProjectConfigurationPlatforms) = postSolution
		{205B6FA2-19D2-B546-6559-2611DFCF5933}.Debug|Any CPU.ActiveCfg = Debug|Any CPU
		{205B6FA2-19D2-B546-6559-2611DFCF5933}.Debug|Any CPU.Build.0 = Debug|Any CPU
		{205B6FA2-19D2-B546-6559-2611DFCF5933}.Release|Any CPU.ActiveCfg = Release|Any CPU
		{205B6FA2-19D2-B546-6559-2611DFCF5933}.Release|Any CPU.Build.0 = Release|Any CPU
	EndGlobalSection
	GlobalSection(SolutionProperties) = preSolution
		HideSolutionNode = FALSE
	EndGlobalSection
EndGlobal
